// !$*UTF8*$!
{
	archiveVersion = 1;
	classes = {
	};
	objectVersion = 46;
	objects = {

/* Begin PBXBuildFile section */
		07226B131DE7302E00496B69 /* hardware.o in Frameworks */ = {isa = PBXBuildFile; fileRef = 07226B0B1DE7302E00496B69 /* hardware.o */; };
		07226B141DE7302E00496B69 /* disk.o in Frameworks */ = {isa = PBXBuildFile; fileRef = 07226B0D1DE7302E00496B69 /* disk.o */; };
		07226B151DE7302E00496B69 /* debug.o in Frameworks */ = {isa = PBXBuildFile; fileRef = 07226B0E1DE7302E00496B69 /* debug.o */; };
		07226B161DE7302E00496B69 /* console.o in Frameworks */ = {isa = PBXBuildFile; fileRef = 07226B0F1DE7302E00496B69 /* console.o */; };
		07226B1B1DE7307D00496B69 /* mem.o in Frameworks */ = {isa = PBXBuildFile; fileRef = 07226B181DE7307D00496B69 /* mem.o */; };
		07226B1D1DE7311500496B69 /* usercode.o in Frameworks */ = {isa = PBXBuildFile; fileRef = 07226B1C1DE7311500496B69 /* usercode.o */; };
		072FC12A1DE241F3004CA607 /* BitMap.c in Sources */ = {isa = PBXBuildFile; fileRef = 072FC1281DE241F3004CA607 /* BitMap.c */; };
		072FC12E1DE25C75004CA607 /* ObjectStore.c in Sources */ = {isa = PBXBuildFile; fileRef = 072FC12C1DE25C75004CA607 /* ObjectStore.c */; };
		074513DF1DE1E80800CD84E1 /* console_interface.c in Sources */ = {isa = PBXBuildFile; fileRef = 074513DD1DE1E80800CD84E1 /* console_interface.c */; };
		079729BA1DD8AA5E009CB125 /* kernel.c in Sources */ = {isa = PBXBuildFile; fileRef = 079729B21DD8AA5E009CB125 /* kernel.c */; };
		07DC38261DDDF24A003B6AB2 /* interrupts.c in Sources */ = {isa = PBXBuildFile; fileRef = 07DC38241DDDF24A003B6AB2 /* interrupts.c */; };
/* End PBXBuildFile section */

/* Begin PBXCopyFilesBuildPhase section */
		079729901DD8A5F6009CB125 /* CopyFiles */ = {
			isa = PBXCopyFilesBuildPhase;
			buildActionMask = 2147483647;
			dstPath = /usr/share/man/man1/;
			dstSubfolderSpec = 0;
			files = (
			);
			runOnlyForDeploymentPostprocessing = 1;
		};
/* End PBXCopyFilesBuildPhase section */

/* Begin PBXFileReference section */
		07226B0A1DE7302E00496B69 /* kernel.h */ = {isa = PBXFileReference; fileEncoding = 4; lastKnownFileType = sourcecode.c.h; path = kernel.h; sourceTree = "<group>"; };
		07226B0B1DE7302E00496B69 /* hardware.o */ = {isa = PBXFileReference; lastKnownFileType = "compiled.mach-o.objfile"; path = hardware.o; sourceTree = "<group>"; };
		07226B0C1DE7302E00496B69 /* hardware_interface.h */ = {isa = PBXFileReference; fileEncoding = 4; lastKnownFileType = sourcecode.c.h; path = hardware_interface.h; sourceTree = "<group>"; };
		07226B0D1DE7302E00496B69 /* disk.o */ = {isa = PBXFileReference; lastKnownFileType = "compiled.mach-o.objfile"; path = disk.o; sourceTree = "<group>"; };
		07226B0E1DE7302E00496B69 /* debug.o */ = {isa = PBXFileReference; lastKnownFileType = "compiled.mach-o.objfile"; path = debug.o; sourceTree = "<group>"; };
		07226B0F1DE7302E00496B69 /* console.o */ = {isa = PBXFileReference; lastKnownFileType = "compiled.mach-o.objfile"; path = console.o; sourceTree = "<group>"; };
		07226B181DE7307D00496B69 /* mem.o */ = {isa = PBXFileReference; lastKnownFileType = "compiled.mach-o.objfile"; path = mem.o; sourceTree = "<group>"; };
		07226B1C1DE7311500496B69 /* usercode.o */ = {isa = PBXFileReference; lastKnownFileType = "compiled.mach-o.objfile"; path = usercode.o; sourceTree = "<group>"; };
		07226B1E1DE7377200496B69 /* utlist.h */ = {isa = PBXFileReference; lastKnownFileType = sourcecode.c.h; path = utlist.h; sourceTree = "<group>"; };
		072FC1281DE241F3004CA607 /* BitMap.c */ = {isa = PBXFileReference; fileEncoding = 4; lastKnownFileType = sourcecode.c.c; path = BitMap.c; sourceTree = "<group>"; };
		072FC1291DE241F3004CA607 /* BitMap.h */ = {isa = PBXFileReference; fileEncoding = 4; lastKnownFileType = sourcecode.c.h; path = BitMap.h; sourceTree = "<group>"; };
		072FC12B1DE25B4E004CA607 /* uthash.h */ = {isa = PBXFileReference; lastKnownFileType = sourcecode.c.h; path = uthash.h; sourceTree = "<group>"; };
		072FC12C1DE25C75004CA607 /* ObjectStore.c */ = {isa = PBXFileReference; fileEncoding = 4; lastKnownFileType = sourcecode.c.c; path = ObjectStore.c; sourceTree = "<group>"; };
		072FC12D1DE25C75004CA607 /* ObjectStore.h */ = {isa = PBXFileReference; fileEncoding = 4; lastKnownFileType = sourcecode.c.h; path = ObjectStore.h; sourceTree = "<group>"; };
		074513DD1DE1E80800CD84E1 /* console_interface.c */ = {isa = PBXFileReference; fileEncoding = 4; lastKnownFileType = sourcecode.c.c; path = console_interface.c; sourceTree = "<group>"; };
		074513DE1DE1E80800CD84E1 /* console_interface.h */ = {isa = PBXFileReference; fileEncoding = 4; lastKnownFileType = sourcecode.c.h; path = console_interface.h; sourceTree = "<group>"; };
		079729921DD8A5F6009CB125 /* CS240-OS */ = {isa = PBXFileReference; explicitFileType = "compiled.mach-o.executable"; includeInIndex = 0; path = "CS240-OS"; sourceTree = BUILT_PRODUCTS_DIR; };
		079729AD1DD8A9D5009CB125 /* en */ = {isa = PBXFileReference; lastKnownFileType = file; name = en; path = en.lproj/cs240.dsk; sourceTree = "<group>"; };
		079729B21DD8AA5E009CB125 /* kernel.c */ = {isa = PBXFileReference; fileEncoding = 4; lastKnownFileType = sourcecode.c.c; path = kernel.c; sourceTree = "<group>"; };
		07DC38241DDDF24A003B6AB2 /* interrupts.c */ = {isa = PBXFileReference; fileEncoding = 4; lastKnownFileType = sourcecode.c.c; path = interrupts.c; sourceTree = "<group>"; };
		07DC38251DDDF24A003B6AB2 /* interrupts.h */ = {isa = PBXFileReference; fileEncoding = 4; lastKnownFileType = sourcecode.c.h; path = interrupts.h; sourceTree = "<group>"; };
/* End PBXFileReference section */

/* Begin PBXFrameworksBuildPhase section */
		0797298F1DD8A5F6009CB125 /* Frameworks */ = {
			isa = PBXFrameworksBuildPhase;
			buildActionMask = 2147483647;
			files = (
				07226B151DE7302E00496B69 /* debug.o in Frameworks */,
				07226B1B1DE7307D00496B69 /* mem.o in Frameworks */,
				07226B141DE7302E00496B69 /* disk.o in Frameworks */,
				07226B1D1DE7311500496B69 /* usercode.o in Frameworks */,
				07226B161DE7302E00496B69 /* console.o in Frameworks */,
				07226B131DE7302E00496B69 /* hardware.o in Frameworks */,
			);
			runOnlyForDeploymentPostprocessing = 0;
		};
/* End PBXFrameworksBuildPhase section */

/* Begin PBXGroup section */
		079729891DD8A5F6009CB125 = {
			isa = PBXGroup;
			children = (
				07226B0C1DE7302E00496B69 /* hardware_interface.h */,
				07226B1E1DE7377200496B69 /* utlist.h */,
				072FC12B1DE25B4E004CA607 /* uthash.h */,
				079729B21DD8AA5E009CB125 /* kernel.c */,
				07226B0A1DE7302E00496B69 /* kernel.h */,
				072FC12C1DE25C75004CA607 /* ObjectStore.c */,
				072FC12D1DE25C75004CA607 /* ObjectStore.h */,
				072FC1281DE241F3004CA607 /* BitMap.c */,
				072FC1291DE241F3004CA607 /* BitMap.h */,
				07DC38241DDDF24A003B6AB2 /* interrupts.c */,
				07DC38251DDDF24A003B6AB2 /* interrupts.h */,
				074513DD1DE1E80800CD84E1 /* console_interface.c */,
				074513DE1DE1E80800CD84E1 /* console_interface.h */,
				07226B1C1DE7311500496B69 /* usercode.o */,
				07226B0B1DE7302E00496B69 /* hardware.o */,
				07226B181DE7307D00496B69 /* mem.o */,
				07226B0D1DE7302E00496B69 /* disk.o */,
				07226B0E1DE7302E00496B69 /* debug.o */,
				07226B0F1DE7302E00496B69 /* console.o */,
				079729AE1DD8A9D5009CB125 /* cs240.dsk */,
				079729941DD8A5F6009CB125 /* CS240-OS */,
				079729931DD8A5F6009CB125 /* Products */,
			);
			sourceTree = "<group>";
		};
		079729931DD8A5F6009CB125 /* Products */ = {
			isa = PBXGroup;
			children = (
				079729921DD8A5F6009CB125 /* CS240-OS */,
			);
			name = Products;
			sourceTree = "<group>";
		};
		079729941DD8A5F6009CB125 /* CS240-OS */ = {
			isa = PBXGroup;
			children = (
			);
			path = "CS240-OS";
			sourceTree = "<group>";
		};
/* End PBXGroup section */

/* Begin PBXNativeTarget section */
		079729911DD8A5F6009CB125 /* CS240-OS */ = {
			isa = PBXNativeTarget;
			buildConfigurationList = 079729991DD8A5F6009CB125 /* Build configuration list for PBXNativeTarget "CS240-OS" */;
			buildPhases = (
				0797298E1DD8A5F6009CB125 /* Sources */,
				0797298F1DD8A5F6009CB125 /* Frameworks */,
				079729901DD8A5F6009CB125 /* CopyFiles */,
			);
			buildRules = (
			);
			dependencies = (
			);
			name = "CS240-OS";
			productName = "CS240-OS";
			productReference = 079729921DD8A5F6009CB125 /* CS240-OS */;
			productType = "com.apple.product-type.tool";
		};
/* End PBXNativeTarget section */

/* Begin PBXProject section */
		0797298A1DD8A5F6009CB125 /* Project object */ = {
			isa = PBXProject;
			attributes = {
				LastUpgradeCheck = 0800;
				ORGANIZATIONNAME = "A Y M A N";
				TargetAttributes = {
					079729911DD8A5F6009CB125 = {
						CreatedOnToolsVersion = 8.0;
						ProvisioningStyle = Automatic;
					};
				};
			};
			buildConfigurationList = 0797298D1DD8A5F6009CB125 /* Build configuration list for PBXProject "CS240-OS" */;
			compatibilityVersion = "Xcode 3.2";
			developmentRegion = English;
			hasScannedForEncodings = 0;
			knownRegions = (
				en,
			);
			mainGroup = 079729891DD8A5F6009CB125;
			productRefGroup = 079729931DD8A5F6009CB125 /* Products */;
			projectDirPath = "";
			projectRoot = "";
			targets = (
				079729911DD8A5F6009CB125 /* CS240-OS */,
			);
		};
/* End PBXProject section */

/* Begin PBXSourcesBuildPhase section */
		0797298E1DD8A5F6009CB125 /* Sources */ = {
			isa = PBXSourcesBuildPhase;
			buildActionMask = 2147483647;
			files = (
				079729BA1DD8AA5E009CB125 /* kernel.c in Sources */,
				074513DF1DE1E80800CD84E1 /* console_interface.c in Sources */,
				072FC12A1DE241F3004CA607 /* BitMap.c in Sources */,
				07DC38261DDDF24A003B6AB2 /* interrupts.c in Sources */,
				072FC12E1DE25C75004CA607 /* ObjectStore.c in Sources */,
			);
			runOnlyForDeploymentPostprocessing = 0;
		};
/* End PBXSourcesBuildPhase section */

/* Begin PBXVariantGroup section */
		079729AE1DD8A9D5009CB125 /* cs240.dsk */ = {
			isa = PBXVariantGroup;
			children = (
				079729AD1DD8A9D5009CB125 /* en */,
			);
			name = cs240.dsk;
			sourceTree = "<group>";
		};
/* End PBXVariantGroup section */

/* Begin XCBuildConfiguration section */
		079729971DD8A5F6009CB125 /* Debug */ = {
			isa = XCBuildConfiguration;
			buildSettings = {
				ALWAYS_SEARCH_USER_PATHS = NO;
				CLANG_ANALYZER_NONNULL = YES;
				CLANG_CXX_LANGUAGE_STANDARD = "gnu++0x";
				CLANG_CXX_LIBRARY = "libc++";
				CLANG_ENABLE_MODULES = YES;
				CLANG_ENABLE_OBJC_ARC = YES;
				CLANG_WARN_BOOL_CONVERSION = YES;
				CLANG_WARN_CONSTANT_CONVERSION = YES;
				CLANG_WARN_DIRECT_OBJC_ISA_USAGE = YES_ERROR;
				CLANG_WARN_DOCUMENTATION_COMMENTS = YES;
				CLANG_WARN_EMPTY_BODY = YES;
				CLANG_WARN_ENUM_CONVERSION = YES;
				CLANG_WARN_INFINITE_RECURSION = YES;
				CLANG_WARN_INT_CONVERSION = YES;
				CLANG_WARN_OBJC_ROOT_CLASS = YES_ERROR;
				CLANG_WARN_SUSPICIOUS_MOVES = YES;
				CLANG_WARN_UNREACHABLE_CODE = YES;
				CLANG_WARN__DUPLICATE_METHOD_MATCH = YES;
				CODE_SIGN_IDENTITY = "-";
				COPY_PHASE_STRIP = NO;
				DEBUG_INFORMATION_FORMAT = dwarf;
				ENABLE_STRICT_OBJC_MSGSEND = YES;
				ENABLE_TESTABILITY = YES;
				GCC_C_LANGUAGE_STANDARD = gnu99;
				GCC_DYNAMIC_NO_PIC = NO;
				GCC_NO_COMMON_BLOCKS = YES;
				GCC_OPTIMIZATION_LEVEL = 0;
				GCC_PREPROCESSOR_DEFINITIONS = (
					"DEBUG=1",
					"$(inherited)",
				);
				GCC_WARN_64_TO_32_BIT_CONVERSION = YES;
				GCC_WARN_ABOUT_RETURN_TYPE = YES_ERROR;
				GCC_WARN_UNDECLARED_SELECTOR = YES;
				GCC_WARN_UNINITIALIZED_AUTOS = YES_AGGRESSIVE;
				GCC_WARN_UNUSED_FUNCTION = YES;
				GCC_WARN_UNUSED_VARIABLE = YES;
				MACOSX_DEPLOYMENT_TARGET = 10.12;
				MTL_ENABLE_DEBUG_INFO = YES;
				ONLY_ACTIVE_ARCH = YES;
				SDKROOT = macosx;
			};
			name = Debug;
		};
		079729981DD8A5F6009CB125 /* Release */ = {
			isa = XCBuildConfiguration;
			buildSettings = {
				ALWAYS_SEARCH_USER_PATHS = NO;
				CLANG_ANALYZER_NONNULL = YES;
				CLANG_CXX_LANGUAGE_STANDARD = "gnu++0x";
				CLANG_CXX_LIBRARY = "libc++";
				CLANG_ENABLE_MODULES = YES;
				CLANG_ENABLE_OBJC_ARC = YES;
				CLANG_WARN_BOOL_CONVERSION = YES;
				CLANG_WARN_CONSTANT_CONVERSION = YES;
				CLANG_WARN_DIRECT_OBJC_ISA_USAGE = YES_ERROR;
				CLANG_WARN_DOCUMENTATION_COMMENTS = YES;
				CLANG_WARN_EMPTY_BODY = YES;
				CLANG_WARN_ENUM_CONVERSION = YES;
				CLANG_WARN_INFINITE_RECURSION = YES;
				CLANG_WARN_INT_CONVERSION = YES;
				CLANG_WARN_OBJC_ROOT_CLASS = YES_ERROR;
				CLANG_WARN_SUSPICIOUS_MOVES = YES;
				CLANG_WARN_UNREACHABLE_CODE = YES;
				CLANG_WARN__DUPLICATE_METHOD_MATCH = YES;
				CODE_SIGN_IDENTITY = "-";
				COPY_PHASE_STRIP = NO;
				DEBUG_INFORMATION_FORMAT = "dwarf-with-dsym";
				ENABLE_NS_ASSERTIONS = NO;
				ENABLE_STRICT_OBJC_MSGSEND = YES;
				GCC_C_LANGUAGE_STANDARD = gnu99;
				GCC_NO_COMMON_BLOCKS = YES;
				GCC_WARN_64_TO_32_BIT_CONVERSION = YES;
				GCC_WARN_ABOUT_RETURN_TYPE = YES_ERROR;
				GCC_WARN_UNDECLARED_SELECTOR = YES;
				GCC_WARN_UNINITIALIZED_AUTOS = YES_AGGRESSIVE;
				GCC_WARN_UNUSED_FUNCTION = YES;
				GCC_WARN_UNUSED_VARIABLE = YES;
				MACOSX_DEPLOYMENT_TARGET = 10.12;
				MTL_ENABLE_DEBUG_INFO = NO;
				SDKROOT = macosx;
			};
			name = Release;
		};
		0797299A1DD8A5F6009CB125 /* Debug */ = {
			isa = XCBuildConfiguration;
			buildSettings = {
				MACOSX_DEPLOYMENT_TARGET = 10.11;
				PRODUCT_NAME = "$(TARGET_NAME)";
			};
			name = Debug;
		};
		0797299B1DD8A5F6009CB125 /* Release */ = {
			isa = XCBuildConfiguration;
			buildSettings = {
				MACOSX_DEPLOYMENT_TARGET = 10.11;
				PRODUCT_NAME = "$(TARGET_NAME)";
			};
			name = Release;
		};
/* End XCBuildConfiguration section */

/* Begin XCConfigurationList section */
		0797298D1DD8A5F6009CB125 /* Build configuration list for PBXProject "CS240-OS" */ = {
			isa = XCConfigurationList;
			buildConfigurations = (
				079729971DD8A5F6009CB125 /* Debug */,
				079729981DD8A5F6009CB125 /* Release */,
			);
			defaultConfigurationIsVisible = 0;
			defaultConfigurationName = Release;
		};
		079729991DD8A5F6009CB125 /* Build configuration list for PBXNativeTarget "CS240-OS" */ = {
			isa = XCConfigurationList;
			buildConfigurations = (
				0797299A1DD8A5F6009CB125 /* Debug */,
				0797299B1DD8A5F6009CB125 /* Release */,
			);
			defaultConfigurationIsVisible = 0;
			defaultConfigurationName = Release;
		};
/* End XCConfigurationList section */
	};
	rootObject = 0797298A1DD8A5F6009CB125 /* Project object */;
}
